// !$*UTF8*$!
{
	archiveVersion = 1;
	classes = {
	};
	objectVersion = 46;
	objects = {

/* Begin PBXBuildFile section */
		7B95E7911D2448CB0022213E /* AppDelegate.swift in Sources */ = {isa = PBXBuildFile; fileRef = 7B95E7901D2448CB0022213E /* AppDelegate.swift */; };
		7B95E7931D2448CB0022213E /* ViewController.swift in Sources */ = {isa = PBXBuildFile; fileRef = 7B95E7921D2448CB0022213E /* ViewController.swift */; };
		7B95E7961D2448CB0022213E /* Main.storyboard in Resources */ = {isa = PBXBuildFile; fileRef = 7B95E7941D2448CB0022213E /* Main.storyboard */; };
		7B95E7981D2448CB0022213E /* Assets.xcassets in Resources */ = {isa = PBXBuildFile; fileRef = 7B95E7971D2448CB0022213E /* Assets.xcassets */; };
		7B95E79B1D2448CB0022213E /* LaunchScreen.storyboard in Resources */ = {isa = PBXBuildFile; fileRef = 7B95E7991D2448CB0022213E /* LaunchScreen.storyboard */; };
		7B95E7A31D24569F0022213E /* FactModel.swift in Sources */ = {isa = PBXBuildFile; fileRef = 7B95E7A21D24569F0022213E /* FactModel.swift */; };
		7B95E7A51D2476350022213E /* ColorModel.swift in Sources */ = {isa = PBXBuildFile; fileRef = 7B95E7A41D2476350022213E /* ColorModel.swift */; };
/* End PBXBuildFile section */

/* Begin PBXFileReference section */
		7B95E78D1D2448CB0022213E /* FunFacts.app */ = {isa = PBXFileReference; explicitFileType = wrapper.application; includeInIndex = 0; path = FunFacts.app; sourceTree = BUILT_PRODUCTS_DIR; };
		7B95E7901D2448CB0022213E /* AppDelegate.swift */ = {isa = PBXFileReference; lastKnownFileType = sourcecode.swift; path = AppDelegate.swift; sourceTree = "<group>"; };
		7B95E7921D2448CB0022213E /* ViewController.swift */ = {isa = PBXFileReference; lastKnownFileType = sourcecode.swift; path = ViewController.swift; sourceTree = "<group>"; };
		7B95E7951D2448CB0022213E /* Base */ = {isa = PBXFileReference; lastKnownFileType = file.storyboard; name = Base; path = Base.lproj/Main.storyboard; sourceTree = "<group>"; };
		7B95E7971D2448CB0022213E /* Assets.xcassets */ = {isa = PBXFileReference; lastKnownFileType = folder.assetcatalog; path = Assets.xcassets; sourceTree = "<group>"; };
		7B95E79A1D2448CB0022213E /* Base */ = {isa = PBXFileReference; lastKnownFileType = file.storyboard; name = Base; path = Base.lproj/LaunchScreen.storyboard; sourceTree = "<group>"; };
		7B95E79C1D2448CB0022213E /* Info.plist */ = {isa = PBXFileReference; lastKnownFileType = text.plist.xml; path = Info.plist; sourceTree = "<group>"; };
		7B95E7A21D24569F0022213E /* FactModel.swift */ = {isa = PBXFileReference; fileEncoding = 4; lastKnownFileType = sourcecode.swift; path = FactModel.swift; sourceTree = "<group>"; };
		7B95E7A41D2476350022213E /* ColorModel.swift */ = {isa = PBXFileReference; fileEncoding = 4; lastKnownFileType = sourcecode.swift; path = ColorModel.swift; sourceTree = "<group>"; };
/* End PBXFileReference section */

/* Begin PBXFrameworksBuildPhase section */
		7B95E78A1D2448CB0022213E /* Frameworks */ = {
			isa = PBXFrameworksBuildPhase;
			buildActionMask = 2147483647;
			files = (
			);
			runOnlyForDeploymentPostprocessing = 0;
		};
/* End PBXFrameworksBuildPhase section */

/* Begin PBXGroup section */
		7B95E7841D2448CB0022213E = {
			isa = PBXGroup;
			children = (
				7B95E78F1D2448CB0022213E /* FunFacts */,
				7B95E78E1D2448CB0022213E /* Products */,
			);
			sourceTree = "<group>";
		};
		7B95E78E1D2448CB0022213E /* Products */ = {
			isa = PBXGroup;
			children = (
				7B95E78D1D2448CB0022213E /* FunFacts.app */,
			);
			name = Products;
			sourceTree = "<group>";
		};
		7B95E78F1D2448CB0022213E /* FunFacts */ = {
			isa = PBXGroup;
			children = (
				7B95E7901D2448CB0022213E /* AppDelegate.swift */,
				7B95E7A21D24569F0022213E /* FactModel.swift */,
				7B95E7A41D2476350022213E /* ColorModel.swift */,
				7B95E7921D2448CB0022213E /* ViewController.swift */,
				7B95E7941D2448CB0022213E /* Main.storyboard */,
				7B95E7971D2448CB0022213E /* Assets.xcassets */,
				7B95E7991D2448CB0022213E /* LaunchScreen.storyboard */,
				7B95E79C1D2448CB0022213E /* Info.plist */,
			);
			path = FunFacts;
			sourceTree = "<group>";
		};
/* End PBXGroup section */

/* Begin PBXNativeTarget section */
		7B95E78C1D2448CB0022213E /* FunFacts */ = {
			isa = PBXNativeTarget;
			buildConfigurationList = 7B95E79F1D2448CB0022213E /* Build configuration list for PBXNativeTarget "FunFacts" */;
			buildPhases = (
				7B95E7891D2448CB0022213E /* Sources */,
				7B95E78A1D2448CB0022213E /* Frameworks */,
				7B95E78B1D2448CB0022213E /* Resources */,
			);
			buildRules = (
			);
			dependencies = (
			);
			name = FunFacts;
			productName = FunFacts;
			productReference = 7B95E78D1D2448CB0022213E /* FunFacts.app */;
			productType = "com.apple.product-type.application";
		};
/* End PBXNativeTarget section */

/* Begin PBXProject section */
		7B95E7851D2448CB0022213E /* Project object */ = {
			isa = PBXProject;
			attributes = {
				LastSwiftUpdateCheck = 0730;
				LastUpgradeCheck = 0730;
				ORGANIZATIONNAME = "James Rochabrun";
				TargetAttributes = {
					7B95E78C1D2448CB0022213E = {
						CreatedOnToolsVersion = 7.3.1;
					};
				};
			};
			buildConfigurationList = 7B95E7881D2448CB0022213E /* Build configuration list for PBXProject "FunFacts" */;
			compatibilityVersion = "Xcode 3.2";
			developmentRegion = English;
			hasScannedForEncodings = 0;
			knownRegions = (
				en,
				Base,
			);
			mainGroup = 7B95E7841D2448CB0022213E;
			productRefGroup = 7B95E78E1D2448CB0022213E /* Products */;
			projectDirPath = "";
			projectRoot = "";
			targets = (
				7B95E78C1D2448CB0022213E /* FunFacts */,
			);
		};
/* End PBXProject section */

/* Begin PBXResourcesBuildPhase section */
		7B95E78B1D2448CB0022213E /* Resources */ = {
			isa = PBXResourcesBuildPhase;
			buildActionMask = 2147483647;
			files = (
				7B95E79B1D2448CB0022213E /* LaunchScreen.storyboard in Resources */,
				7B95E7981D2448CB0022213E /* Assets.xcassets in Resources */,
				7B95E7961D2448CB0022213E /* Main.storyboard in Resources */,
			);
			runOnlyForDeploymentPostprocessing = 0;
		};
/* End PBXResourcesBuildPhase section */

/* Begin PBXSourcesBuildPhase section */
		7B95E7891D2448CB0022213E /* Sources */ = {
			isa = PBXSourcesBuildPhase;
			buildActionMask = 2147483647;
			files = (
				7B95E7A31D24569F0022213E /* FactModel.swift in Sources */,
				7B95E7931D2448CB0022213E /* ViewController.swift in Sources */,
				7B95E7911D2448CB0022213E /* AppDelegate.swift in Sources */,
				7B95E7A51D2476350022213E /* ColorModel.swift in Sources */,
			);
			runOnlyForDeploymentPostprocessing = 0;
		};
/* End PBXSourcesBuildPhase section */

/* Begin PBXVariantGroup section */
		7B95E7941D2448CB0022213E /* Main.storyboard */ = {
			isa = PBXVariantGroup;
			children = (
				7B95E7951D2448CB0022213E /* Base */,
			);
			name = Main.storyboard;
			sourceTree = "<group>";
		};
		7B95E7991D2448CB0022213E /* LaunchScreen.storyboard */ = {
			isa = PBXVariantGroup;
			children = (
				7B95E79A1D2448CB0022213E /* Base */,
			);
			name = LaunchScreen.storyboard;
			sourceTree = "<group>";
		};
/* End PBXVariantGroup section */

/* Begin XCBuildConfiguration section */
		7B95E79D1D2448CB0022213E /* Debug */ = {
			isa = XCBuildConfiguration;
			buildSettings = {
				ALWAYS_SEARCH_USER_PATHS = NO;
				CLANG_ANALYZER_NONNULL = YES;
				CLANG_CXX_LANGUAGE_STANDARD = "gnu++0x";
				CLANG_CXX_LIBRARY = "libc++";
				CLANG_ENABLE_MODULES = YES;
				CLANG_ENABLE_OBJC_ARC = YES;
				CLANG_WARN_BOOL_CONVERSION = YES;
				CLANG_WARN_CONSTANT_CONVERSION = YES;
				CLANG_WARN_DIRECT_OBJC_ISA_USAGE = YES_ERROR;
				CLANG_WARN_EMPTY_BODY = YES;
				CLANG_WARN_ENUM_CONVERSION = YES;
				CLANG_WARN_INT_CONVERSION = YES;
				CLANG_WARN_OBJC_ROOT_CLASS = YES_ERROR;
				CLANG_WARN_UNREACHABLE_CODE = YES;
				CLANG_WARN__DUPLICATE_METHOD_MATCH = YES;
				"CODE_SIGN_IDENTITY[sdk=iphoneos*]" = "iPhone Developer";
				COPY_PHASE_STRIP = NO;
				DEBUG_INFORMATION_FORMAT = dwarf;
				ENABLE_STRICT_OBJC_MSGSEND = YES;
				ENABLE_TESTABILITY = YES;
				GCC_C_LANGUAGE_STANDARD = gnu99;
				GCC_DYNAMIC_NO_PIC = NO;
				GCC_NO_COMMON_BLOCKS = YES;
				GCC_OPTIMIZATION_LEVEL = 0;
				GCC_PREPROCESSOR_DEFINITIONS = (
					"DEBUG=1",
					"$(inherited)",
				);
				GCC_WARN_64_TO_32_BIT_CONVERSION = YES;
				GCC_WARN_ABOUT_RETURN_TYPE = YES_ERROR;
				GCC_WARN_UNDECLARED_SELECTOR = YES;
				GCC_WARN_UNINITIALIZED_AUTOS = YES_AGGRESSIVE;
				GCC_WARN_UNUSED_FUNCTION = YES;
				GCC_WARN_UNUSED_VARIABLE = YES;
				IPHONEOS_DEPLOYMENT_TARGET = 9.3;
				MTL_ENABLE_DEBUG_INFO = YES;
				ONLY_ACTIVE_ARCH = YES;
				SDKROOT = iphoneos;
				SWIFT_OPTIMIZATION_LEVEL = "-Onone";
				TARGETED_DEVICE_FAMILY = "1,2";
			};
			name = Debug;
		};
		7B95E79E1D2448CB0022213E /* Release */ = {
			isa = XCBuildConfiguration;
			buildSettings = {
				ALWAYS_SEARCH_USER_PATHS = NO;
				CLANG_ANALYZER_NONNULL = YES;
				CLANG_CXX_LANGUAGE_STANDARD = "gnu++0x";
				CLANG_CXX_LIBRARY = "libc++";
				CLANG_ENABLE_MODULES = YES;
				CLANG_ENABLE_OBJC_ARC = YES;
				CLANG_WARN_BOOL_CONVERSION = YES;
				CLANG_WARN_CONSTANT_CONVERSION = YES;
				CLANG_WARN_DIRECT_OBJC_ISA_USAGE = YES_ERROR;
				CLANG_WARN_EMPTY_BODY = YES;
				CLANG_WARN_ENUM_CONVERSION = YES;
				CLANG_WARN_INT_CONVERSION = YES;
				CLANG_WARN_OBJC_ROOT_CLASS = YES_ERROR;
				CLANG_WARN_UNREACHABLE_CODE = YES;
				CLANG_WARN__DUPLICATE_METHOD_MATCH = YES;
				"CODE_SIGN_IDENTITY[sdk=iphoneos*]" = "iPhone Developer";
				COPY_PHASE_STRIP = NO;
				DEBUG_INFORMATION_FORMAT = "dwarf-with-dsym";
				ENABLE_NS_ASSERTIONS = NO;
				ENABLE_STRICT_OBJC_MSGSEND = YES;
				GCC_C_LANGUAGE_STANDARD = gnu99;
				GCC_NO_COMMON_BLOCKS = YES;
				GCC_WARN_64_TO_32_BIT_CONVERSION = YES;
				GCC_WARN_ABOUT_RETURN_TYPE = YES_ERROR;
				GCC_WARN_UNDECLARED_SELECTOR = YES;
				GCC_WARN_UNINITIALIZED_AUTOS = YES_AGGRESSIVE;
				GCC_WARN_UNUSED_FUNCTION = YES;
				GCC_WARN_UNUSED_VARIABLE = YES;
				IPHONEOS_DEPLOYMENT_TARGET = 9.3;
				MTL_ENABLE_DEBUG_INFO = NO;
				SDKROOT = iphoneos;
				TARGETED_DEVICE_FAMILY = "1,2";
				VALIDATE_PRODUCT = YES;
			};
			name = Release;
		};
		7B95E7A01D2448CB0022213E /* Debug */ = {
			isa = XCBuildConfiguration;
			buildSettings = {
				ASSETCATALOG_COMPILER_APPICON_NAME = AppIcon;
				INFOPLIST_FILE = FunFacts/Info.plist;
				LD_RUNPATH_SEARCH_PATHS = "$(inherited) @executable_path/Frameworks";
				PRODUCT_BUNDLE_IDENTIFIER = com.speedelo.FunFacts;
				PRODUCT_NAME = "$(TARGET_NAME)";
			};
			name = Debug;
		};
		7B95E7A11D2448CB0022213E /* Release */ = {
			isa = XCBuildConfiguration;
			buildSettings = {
				ASSETCATALOG_COMPILER_APPICON_NAME = AppIcon;
				INFOPLIST_FILE = FunFacts/Info.plist;
				LD_RUNPATH_SEARCH_PATHS = "$(inherited) @executable_path/Frameworks";
				PRODUCT_BUNDLE_IDENTIFIER = com.speedelo.FunFacts;
				PRODUCT_NAME = "$(TARGET_NAME)";
			};
			name = Release;
		};
/* End XCBuildConfiguration section */

/* Begin XCConfigurationList section */
		7B95E7881D2448CB0022213E /* Build configuration list for PBXProject "FunFacts" */ = {
			isa = XCConfigurationList;
			buildConfigurations = (
				7B95E79D1D2448CB0022213E /* Debug */,
				7B95E79E1D2448CB0022213E /* Release */,
			);
			defaultConfigurationIsVisible = 0;
			defaultConfigurationName = Release;
		};
		7B95E79F1D2448CB0022213E /* Build configuration list for PBXNativeTarget "FunFacts" */ = {
			isa = XCConfigurationList;
			buildConfigurations = (
				7B95E7A01D2448CB0022213E /* Debug */,
				7B95E7A11D2448CB0022213E /* Release */,
			);
			defaultConfigurationIsVisible = 0;
		};
/* End XCConfigurationList section */
	};
	rootObject = 7B95E7851D2448CB0022213E /* Project object */;
}
